
Microsoft Visual Studio Solution File, Format Version 12.00
# Visual Studio 14
VisualStudioVersion = 14.0.25420.1
MinimumVisualStudioVersion = 10.0.40219.1
Project("{FAE04EC0-301F-11D3-BF4B-00C04F79EFBC}") = "Xrm.CLFramework.Sample.UIAutomation", "Xrm.CLFramework.Sample.UIAutomation\Xrm.CLFramework.Sample.UIAutomation.csproj", "{AF5DC23A-BAE7-48C1-B440-0A7FEDA4381D}"
EndProject
Global
	GlobalSection(SolutionConfigurationPlatforms) = preSolution
		Debug|Any CPU = Debug|Any CPU
		Release|Any CPU = Release|Any CPU
	EndGlobalSection
	GlobalSection(ProjectConfigurationPlatforms) = postSolution
		{AF5DC23A-BAE7-48C1-B440-0A7FEDA4381D}.Debug|Any CPU.ActiveCfg = Debug|Any CPU
		{AF5DC23A-BAE7-48C1-B440-0A7FEDA4381D}.Debug|Any CPU.Build.0 = Debug|Any CPU
		{AF5DC23A-BAE7-48C1-B440-0A7FEDA4381D}.Release|Any CPU.ActiveCfg = Release|Any CPU
		{AF5DC23A-BAE7-48C1-B440-0A7FEDA4381D}.Release|Any CPU.Build.0 = Release|Any CPU
	EndGlobalSection
	GlobalSection(SolutionProperties) = preSolution
		HideSolutionNode = FALSE
	EndGlobalSection
EndGlobal
